
Microsoft Visual Studio Solution File, Format Version 12.00
# Visual Studio Version 16
VisualStudioVersion = 16.0.29911.84
MinimumVisualStudioVersion = 10.0.40219.1
Project("{FAE04EC0-301F-11D3-BF4B-00C04F79EFBC}") = "LOGIN", "LOGIN\LOGIN.csproj", "{A02366C0-CD77-44BD-900F-90B7F7E44E07}"
EndProject
Global
	GlobalSection(SolutionConfigurationPlatforms) = preSolution
		Debug|Any CPU = Debug|Any CPU
		Release|Any CPU = Release|Any CPU
	EndGlobalSection
	GlobalSection(ProjectConfigurationPlatforms) = postSolution
		{A02366C0-CD77-44BD-900F-90B7F7E44E07}.Debug|Any CPU.ActiveCfg = Debug|Any CPU
		{A02366C0-CD77-44BD-900F-90B7F7E44E07}.Debug|Any CPU.Build.0 = Debug|Any CPU
		{A02366C0-CD77-44BD-900F-90B7F7E44E07}.Release|Any CPU.ActiveCfg = Release|Any CPU
		{A02366C0-CD77-44BD-900F-90B7F7E44E07}.Release|Any CPU.Build.0 = Release|Any CPU
	EndGlobalSection
	GlobalSection(SolutionProperties) = preSolution
		HideSolutionNode = FALSE
	EndGlobalSection
	GlobalSection(ExtensibilityGlobals) = postSolution
		SolutionGuid = {70BBBBC9-AD6A-4B68-AB8E-4C2A8F0B65ED}
	EndGlobalSection
EndGlobal
